
Microsoft Visual Studio Solution File, Format Version 12.00
# Visual Studio Version 17
VisualStudioVersion = 17.5.33627.172
MinimumVisualStudioVersion = 10.0.40219.1
Project("{54A90642-561A-4BB1-A94E-469ADEE60C69}") = "reactapp", "reactapp\reactapp.esproj", "{B1411991-AC10-4CD4-B4D2-7C756399C884}"
EndProject
Project("{9A19103F-16F7-4668-BE54-9A1E7A4F7556}") = "webapi", "webapi\webapi.csproj", "{BA39BED7-C887-490A-9996-F238DC193EB5}"
EndProject
Global
	GlobalSection(SolutionConfigurationPlatforms) = preSolution
		Debug|Any CPU = Debug|Any CPU
		Release|Any CPU = Release|Any CPU
	EndGlobalSection
	GlobalSection(ProjectConfigurationPlatforms) = postSolution
		{B1411991-AC10-4CD4-B4D2-7C756399C884}.Debug|Any CPU.ActiveCfg = Debug|Any CPU
		{B1411991-AC10-4CD4-B4D2-7C756399C884}.Debug|Any CPU.Build.0 = Debug|Any CPU
		{B1411991-AC10-4CD4-B4D2-7C756399C884}.Debug|Any CPU.Deploy.0 = Debug|Any CPU
		{B1411991-AC10-4CD4-B4D2-7C756399C884}.Release|Any CPU.ActiveCfg = Release|Any CPU
		{B1411991-AC10-4CD4-B4D2-7C756399C884}.Release|Any CPU.Build.0 = Release|Any CPU
		{B1411991-AC10-4CD4-B4D2-7C756399C884}.Release|Any CPU.Deploy.0 = Release|Any CPU
		{BA39BED7-C887-490A-9996-F238DC193EB5}.Debug|Any CPU.ActiveCfg = Debug|Any CPU
		{BA39BED7-C887-490A-9996-F238DC193EB5}.Debug|Any CPU.Build.0 = Debug|Any CPU
		{BA39BED7-C887-490A-9996-F238DC193EB5}.Release|Any CPU.ActiveCfg = Release|Any CPU
		{BA39BED7-C887-490A-9996-F238DC193EB5}.Release|Any CPU.Build.0 = Release|Any CPU
	EndGlobalSection
	GlobalSection(SolutionProperties) = preSolution
		HideSolutionNode = FALSE
	EndGlobalSection
	GlobalSection(ExtensibilityGlobals) = postSolution
		SolutionGuid = {12FC4C5C-29D3-46D3-AFD1-A23651D3F81B}
	EndGlobalSection
EndGlobal
